{
  "name": "pra_nodejs",
  "lockfileVersion": 3,
  "requires": true,
  "packages": {
    "": {
      "hasInstallScript": true,
      "dependencies": {
        "crypto": "^1.0.1",
        "crypto-js": "^4.2.0",
        "dayjs": "^1.11.13",
        "encoding-japanese": "^2.2.0",
        "node-fetch": "^3.3.2",
        "uuid": "^10.0.0"
      },
      "devDependencies": {
        "@types/node": "^22.8.6",
        "@types/uuid": "^10.0.0",
        "typescript": "^5.7.0-dev.20240922"
      }
    },
    "node_modules/@types/node": {
      "version": "22.8.6",
      "resolved": "https://registry.npmjs.org/@types/node/-/node-22.8.6.tgz",
      "integrity": "sha512-tosuJYKrIqjQIlVCM4PEGxOmyg3FCPa/fViuJChnGeEIhjA46oy8FMVoF9su1/v8PNs2a8Q0iFNyOx0uOF91nw==",
      "dev": true,
      "license": "MIT",
      "dependencies": {
        "undici-types": "~6.19.8"
      }
    },
    "node_modules/@types/uuid": {
      "version": "10.0.0",
      "resolved": "https://registry.npmjs.org/@types/uuid/-/uuid-10.0.0.tgz",
      "integrity": "sha512-7gqG38EyHgyP1S+7+xomFtL+ZNHcKv6DwNaCZmJmo1vgMugyF3TCnXVg4t1uk89mLNwnLtnY3TpOpCOyp1/xHQ==",
      "dev": true,
      "license": "MIT"
    },
    "node_modules/crypto": {
      "version": "1.0.1",
      "resolved": "https://registry.npmjs.org/crypto/-/crypto-1.0.1.tgz",
      "integrity": "sha512-VxBKmeNcqQdiUQUW2Tzq0t377b54N2bMtXO/qiLa+6eRRmmC4qT3D4OnTGoT/U6O9aklQ/jTwbOtRMTTY8G0Ig==",
      "deprecated": "This package is no longer supported. It's now a built-in Node module. If you've depended on crypto, you should switch to the one that's built-in."
    },
    "node_modules/crypto-js": {
      "version": "4.2.0",
      "resolved": "https://registry.npmjs.org/crypto-js/-/crypto-js-4.2.0.tgz",
      "integrity": "sha512-KALDyEYgpY+Rlob/iriUtjV6d5Eq+Y191A5g4UqLAi8CyGP9N1+FdVbkc1SxKc2r4YAYqG8JzO2KGL+AizD70Q=="
    },
    "node_modules/data-uri-to-buffer": {
      "version": "4.0.1",
      "resolved": "https://registry.npmjs.org/data-uri-to-buffer/-/data-uri-to-buffer-4.0.1.tgz",
      "integrity": "sha512-0R9ikRb668HB7QDxT1vkpuUBtqc53YyAwMwGeUFKRojY/NWKvdZ+9UYtRfGmhqNbRkTSVpMbmyhXipFFv2cb/A==",
      "engines": {
        "node": ">= 12"
      }
    },
    "node_modules/dayjs": {
      "version": "1.11.13",
      "resolved": "https://registry.npmjs.org/dayjs/-/dayjs-1.11.13.tgz",
      "integrity": "sha512-oaMBel6gjolK862uaPQOVTA7q3TZhuSvuMQAAglQDOWYO9A91IrAOUJEyKVlqJlHE0vq5p5UXxzdPfMH/x6xNg==",
      "license": "MIT"
    },
    "node_modules/encoding-japanese": {
      "version": "2.2.0",
      "resolved": "https://registry.npmjs.org/encoding-japanese/-/encoding-japanese-2.2.0.tgz",
      "integrity": "sha512-EuJWwlHPZ1LbADuKTClvHtwbaFn4rOD+dRAbWysqEOXRc2Uui0hJInNJrsdH0c+OhJA4nrCBdSkW4DD5YxAo6A==",
      "engines": {
        "node": ">=8.10.0"
      }
    },
    "node_modules/fetch-blob": {
      "version": "3.2.0",
      "resolved": "https://registry.npmjs.org/fetch-blob/-/fetch-blob-3.2.0.tgz",
      "integrity": "sha512-7yAQpD2UMJzLi1Dqv7qFYnPbaPx7ZfFK6PiIxQ4PfkGPyNyl2Ugx+a/umUonmKqjhM4DnfbMvdX6otXq83soQQ==",
      "funding": [
        {
          "type": "github",
          "url": "https://github.com/sponsors/jimmywarting"
        },
        {
          "type": "paypal",
          "url": "https://paypal.me/jimmywarting"
        }
      ],
      "dependencies": {
        "node-domexception": "^1.0.0",
        "web-streams-polyfill": "^3.0.3"
      },
      "engines": {
        "node": "^12.20 || >= 14.13"
      }
    },
    "node_modules/formdata-polyfill": {
      "version": "4.0.10",
      "resolved": "https://registry.npmjs.org/formdata-polyfill/-/formdata-polyfill-4.0.10.tgz",
      "integrity": "sha512-buewHzMvYL29jdeQTVILecSaZKnt/RJWjoZCF5OW60Z67/GmSLBkOFM7qh1PI3zFNtJbaZL5eQu1vLfazOwj4g==",
      "dependencies": {
        "fetch-blob": "^3.1.2"
      },
      "engines": {
        "node": ">=12.20.0"
      }
    },
    "node_modules/node-domexception": {
      "version": "1.0.0",
      "resolved": "https://registry.npmjs.org/node-domexception/-/node-domexception-1.0.0.tgz",
      "integrity": "sha512-/jKZoMpw0F8GRwl4/eLROPA3cfcXtLApP0QzLmUT/HuPCZWyB7IY9ZrMeKw2O/nFIqPQB3PVM9aYm0F312AXDQ==",
      "funding": [
        {
          "type": "github",
          "url": "https://github.com/sponsors/jimmywarting"
        },
        {
          "type": "github",
          "url": "https://paypal.me/jimmywarting"
        }
      ],
      "engines": {
        "node": ">=10.5.0"
      }
    },
    "node_modules/node-fetch": {
      "version": "3.3.2",
      "resolved": "https://registry.npmjs.org/node-fetch/-/node-fetch-3.3.2.tgz",
      "integrity": "sha512-dRB78srN/l6gqWulah9SrxeYnxeddIG30+GOqK/9OlLVyLg3HPnr6SqOWTWOXKRwC2eGYCkZ59NNuSgvSrpgOA==",
      "dependencies": {
        "data-uri-to-buffer": "^4.0.0",
        "fetch-blob": "^3.1.4",
        "formdata-polyfill": "^4.0.10"
      },
      "engines": {
        "node": "^12.20.0 || ^14.13.1 || >=16.0.0"
      },
      "funding": {
        "type": "opencollective",
        "url": "https://opencollective.com/node-fetch"
      }
    },
    "node_modules/typescript": {
      "version": "5.7.0-dev.20240922",
      "resolved": "https://registry.npmjs.org/typescript/-/typescript-5.7.0-dev.20240922.tgz",
      "integrity": "sha512-CxRHMKhnV+VKR5u+eevBdC/C0Dm/+eogPhjkJ9vNznQb2xVv14wNRE6XrFwj4uF/zfAQNKEu5+OpM3xsMTIrjw==",
      "dev": true,
      "license": "Apache-2.0",
      "bin": {
        "tsc": "bin/tsc",
        "tsserver": "bin/tsserver"
      },
      "engines": {
        "node": ">=14.17"
      }
    },
    "node_modules/undici-types": {
      "version": "6.19.8",
      "resolved": "https://registry.npmjs.org/undici-types/-/undici-types-6.19.8.tgz",
      "integrity": "sha512-ve2KP6f/JnbPBFyobGHuerC9g1FYGn/F8n1LWTwNxCEzd6IfqTwUQcNXgEtmmQ6DlRrC1hrSrBnCZPokRrDHjw==",
      "dev": true,
      "license": "MIT"
    },
    "node_modules/uuid": {
      "version": "10.0.0",
      "resolved": "https://registry.npmjs.org/uuid/-/uuid-10.0.0.tgz",
      "integrity": "sha512-8XkAphELsDnEGrDxUOHB3RGvXz6TeuYSGEZBOjtTtPm2lwhGBjLgOzLHB63IUWfBpNucQjND6d3AOudO+H3RWQ==",
      "funding": [
        "https://github.com/sponsors/broofa",
        "https://github.com/sponsors/ctavan"
      ],
      "license": "MIT",
      "bin": {
        "uuid": "dist/bin/uuid"
      }
    },
    "node_modules/web-streams-polyfill": {
      "version": "3.3.3",
      "resolved": "https://registry.npmjs.org/web-streams-polyfill/-/web-streams-polyfill-3.3.3.tgz",
      "integrity": "sha512-d2JWLCivmZYTSIoge9MsgFCZrt571BikcWGYkjC1khllbTeDlGqZ2D8vD8E/lJa8WGWbb7Plm8/XJYV7IJHZZw==",
      "engines": {
        "node": ">= 8"
      }
    }
  }
}
